// !$*UTF8*$!
{
	archiveVersion = 1;
	classes = {
	};
	objectVersion = 77;
	objects = {

/* Begin PBXContainerItemProxy section */
		41A843102DAEA0AE00DFA0B4 /* PBXContainerItemProxy */ = {
			isa = PBXContainerItemProxy;
			containerPortal = 41A842FA2DAEA0AD00DFA0B4 /* Project object */;
			proxyType = 1;
			remoteGlobalIDString = 41A843012DAEA0AD00DFA0B4;
			remoteInfo = DosisDatoAppGEMINI;
		};
		41A8431A2DAEA0AF00DFA0B4 /* PBXContainerItemProxy */ = {
			isa = PBXContainerItemProxy;
			containerPortal = 41A842FA2DAEA0AD00DFA0B4 /* Project object */;
			proxyType = 1;
			remoteGlobalIDString = 41A843012DAEA0AD00DFA0B4;
			remoteInfo = DosisDatoAppGEMINI;
		};
/* End PBXContainerItemProxy section */

/* Begin PBXFileReference section */
		41A843022DAEA0AD00DFA0B4 /* DosisDatoAppGEMINI.app */ = {isa = PBXFileReference; explicitFileType = wrapper.application; includeInIndex = 0; path = DosisDatoAppGEMINI.app; sourceTree = BUILT_PRODUCTS_DIR; };
		41A8430F2DAEA0AE00DFA0B4 /* DosisDatoAppGEMINITests.xctest */ = {isa = PBXFileReference; explicitFileType = wrapper.cfbundle; includeInIndex = 0; path = DosisDatoAppGEMINITests.xctest; sourceTree = BUILT_PRODUCTS_DIR; };
		41A843192DAEA0AF00DFA0B4 /* DosisDatoAppGEMINIUITests.xctest */ = {isa = PBXFileReference; explicitFileType = wrapper.cfbundle; includeInIndex = 0; path = DosisDatoAppGEMINIUITests.xctest; sourceTree = BUILT_PRODUCTS_DIR; };
/* End PBXFileReference section */

/* Begin PBXFileSystemSynchronizedRootGroup section */
		41A843042DAEA0AD00DFA0B4 /* DosisDatoAppGEMINI */ = {
			isa = PBXFileSystemSynchronizedRootGroup;
			path = DosisDatoAppGEMINI;
			sourceTree = "<group>";
		};
		41A843122DAEA0AE00DFA0B4 /* DosisDatoAppGEMINITests */ = {
			isa = PBXFileSystemSynchronizedRootGroup;
			path = DosisDatoAppGEMINITests;
			sourceTree = "<group>";
		};
		41A8431C2DAEA0AF00DFA0B4 /* DosisDatoAppGEMINIUITests */ = {
			isa = PBXFileSystemSynchronizedRootGroup;
			path = DosisDatoAppGEMINIUITests;
			sourceTree = "<group>";
		};
/* End PBXFileSystemSynchronizedRootGroup section */

/* Begin PBXFrameworksBuildPhase section */
		41A842FF2DAEA0AD00DFA0B4 /* Frameworks */ = {
			isa = PBXFrameworksBuildPhase;
			buildActionMask = 2147483647;
			files = (
			);
			runOnlyForDeploymentPostprocessing = 0;
		};
		41A8430C2DAEA0AE00DFA0B4 /* Frameworks */ = {
			isa = PBXFrameworksBuildPhase;
			buildActionMask = 2147483647;
			files = (
			);
			runOnlyForDeploymentPostprocessing = 0;
		};
		41A843162DAEA0AF00DFA0B4 /* Frameworks */ = {
			isa = PBXFrameworksBuildPhase;
			buildActionMask = 2147483647;
			files = (
			);
			runOnlyForDeploymentPostprocessing = 0;
		};
/* End PBXFrameworksBuildPhase section */

/* Begin PBXGroup section */
		41A842F92DAEA0AD00DFA0B4 = {
			isa = PBXGroup;
			children = (
				41A843042DAEA0AD00DFA0B4 /* DosisDatoAppGEMINI */,
				41A843122DAEA0AE00DFA0B4 /* DosisDatoAppGEMINITests */,
				41A8431C2DAEA0AF00DFA0B4 /* DosisDatoAppGEMINIUITests */,
				41A843032DAEA0AD00DFA0B4 /* Products */,
			);
			sourceTree = "<group>";
		};
		41A843032DAEA0AD00DFA0B4 /* Products */ = {
			isa = PBXGroup;
			children = (
				41A843022DAEA0AD00DFA0B4 /* DosisDatoAppGEMINI.app */,
				41A8430F2DAEA0AE00DFA0B4 /* DosisDatoAppGEMINITests.xctest */,
				41A843192DAEA0AF00DFA0B4 /* DosisDatoAppGEMINIUITests.xctest */,
			);
			name = Products;
			sourceTree = "<group>";
		};
/* End PBXGroup section */

/* Begin PBXNativeTarget section */
		41A843012DAEA0AD00DFA0B4 /* DosisDatoAppGEMINI */ = {
			isa = PBXNativeTarget;
			buildConfigurationList = 41A843232DAEA0AF00DFA0B4 /* Build configuration list for PBXNativeTarget "DosisDatoAppGEMINI" */;
			buildPhases = (
				41A842FE2DAEA0AD00DFA0B4 /* Sources */,
				41A842FF2DAEA0AD00DFA0B4 /* Frameworks */,
				41A843002DAEA0AD00DFA0B4 /* Resources */,
			);
			buildRules = (
			);
			dependencies = (
			);
			fileSystemSynchronizedGroups = (
				41A843042DAEA0AD00DFA0B4 /* DosisDatoAppGEMINI */,
			);
			name = DosisDatoAppGEMINI;
			packageProductDependencies = (
			);
			productName = DosisDatoAppGEMINI;
			productReference = 41A843022DAEA0AD00DFA0B4 /* DosisDatoAppGEMINI.app */;
			productType = "com.apple.product-type.application";
		};
		41A8430E2DAEA0AE00DFA0B4 /* DosisDatoAppGEMINITests */ = {
			isa = PBXNativeTarget;
			buildConfigurationList = 41A843262DAEA0AF00DFA0B4 /* Build configuration list for PBXNativeTarget "DosisDatoAppGEMINITests" */;
			buildPhases = (
				41A8430B2DAEA0AE00DFA0B4 /* Sources */,
				41A8430C2DAEA0AE00DFA0B4 /* Frameworks */,
				41A8430D2DAEA0AE00DFA0B4 /* Resources */,
			);
			buildRules = (
			);
			dependencies = (
				41A843112DAEA0AE00DFA0B4 /* PBXTargetDependency */,
			);
			fileSystemSynchronizedGroups = (
				41A843122DAEA0AE00DFA0B4 /* DosisDatoAppGEMINITests */,
			);
			name = DosisDatoAppGEMINITests;
			packageProductDependencies = (
			);
			productName = DosisDatoAppGEMINITests;
			productReference = 41A8430F2DAEA0AE00DFA0B4 /* DosisDatoAppGEMINITests.xctest */;
			productType = "com.apple.product-type.bundle.unit-test";
		};
		41A843182DAEA0AF00DFA0B4 /* DosisDatoAppGEMINIUITests */ = {
			isa = PBXNativeTarget;
			buildConfigurationList = 41A843292DAEA0AF00DFA0B4 /* Build configuration list for PBXNativeTarget "DosisDatoAppGEMINIUITests" */;
			buildPhases = (
				41A843152DAEA0AF00DFA0B4 /* Sources */,
				41A843162DAEA0AF00DFA0B4 /* Frameworks */,
				41A843172DAEA0AF00DFA0B4 /* Resources */,
			);
			buildRules = (
			);
			dependencies = (
				41A8431B2DAEA0AF00DFA0B4 /* PBXTargetDependency */,
			);
			fileSystemSynchronizedGroups = (
				41A8431C2DAEA0AF00DFA0B4 /* DosisDatoAppGEMINIUITests */,
			);
			name = DosisDatoAppGEMINIUITests;
			packageProductDependencies = (
			);
			productName = DosisDatoAppGEMINIUITests;
			productReference = 41A843192DAEA0AF00DFA0B4 /* DosisDatoAppGEMINIUITests.xctest */;
			productType = "com.apple.product-type.bundle.ui-testing";
		};
/* End PBXNativeTarget section */

/* Begin PBXProject section */
		41A842FA2DAEA0AD00DFA0B4 /* Project object */ = {
			isa = PBXProject;
			attributes = {
				BuildIndependentTargetsInParallel = 1;
				LastSwiftUpdateCheck = 1630;
				LastUpgradeCheck = 1630;
				TargetAttributes = {
					41A843012DAEA0AD00DFA0B4 = {
						CreatedOnToolsVersion = 16.3;
					};
					41A8430E2DAEA0AE00DFA0B4 = {
						CreatedOnToolsVersion = 16.3;
						TestTargetID = 41A843012DAEA0AD00DFA0B4;
					};
					41A843182DAEA0AF00DFA0B4 = {
						CreatedOnToolsVersion = 16.3;
						TestTargetID = 41A843012DAEA0AD00DFA0B4;
					};
				};
			};
			buildConfigurationList = 41A842FD2DAEA0AD00DFA0B4 /* Build configuration list for PBXProject "DosisDatoAppGEMINI" */;
			developmentRegion = en;
			hasScannedForEncodings = 0;
			knownRegions = (
				en,
				Base,
			);
			mainGroup = 41A842F92DAEA0AD00DFA0B4;
			minimizedProjectReferenceProxies = 1;
			preferredProjectObjectVersion = 77;
			productRefGroup = 41A843032DAEA0AD00DFA0B4 /* Products */;
			projectDirPath = "";
			projectRoot = "";
			targets = (
				41A843012DAEA0AD00DFA0B4 /* DosisDatoAppGEMINI */,
				41A8430E2DAEA0AE00DFA0B4 /* DosisDatoAppGEMINITests */,
				41A843182DAEA0AF00DFA0B4 /* DosisDatoAppGEMINIUITests */,
			);
		};
/* End PBXProject section */

/* Begin PBXResourcesBuildPhase section */
		41A843002DAEA0AD00DFA0B4 /* Resources */ = {
			isa = PBXResourcesBuildPhase;
			buildActionMask = 2147483647;
			files = (
			);
			runOnlyForDeploymentPostprocessing = 0;
		};
		41A8430D2DAEA0AE00DFA0B4 /* Resources */ = {
			isa = PBXResourcesBuildPhase;
			buildActionMask = 2147483647;
			files = (
			);
			runOnlyForDeploymentPostprocessing = 0;
		};
		41A843172DAEA0AF00DFA0B4 /* Resources */ = {
			isa = PBXResourcesBuildPhase;
			buildActionMask = 2147483647;
			files = (
			);
			runOnlyForDeploymentPostprocessing = 0;
		};
/* End PBXResourcesBuildPhase section */

/* Begin PBXSourcesBuildPhase section */
		41A842FE2DAEA0AD00DFA0B4 /* Sources */ = {
			isa = PBXSourcesBuildPhase;
			buildActionMask = 2147483647;
			files = (
			);
			runOnlyForDeploymentPostprocessing = 0;
		};
		41A8430B2DAEA0AE00DFA0B4 /* Sources */ = {
			isa = PBXSourcesBuildPhase;
			buildActionMask = 2147483647;
			files = (
			);
			runOnlyForDeploymentPostprocessing = 0;
		};
		41A843152DAEA0AF00DFA0B4 /* Sources */ = {
			isa = PBXSourcesBuildPhase;
			buildActionMask = 2147483647;
			files = (
			);
			runOnlyForDeploymentPostprocessing = 0;
		};
/* End PBXSourcesBuildPhase section */

/* Begin PBXTargetDependency section */
		41A843112DAEA0AE00DFA0B4 /* PBXTargetDependency */ = {
			isa = PBXTargetDependency;
			target = 41A843012DAEA0AD00DFA0B4 /* DosisDatoAppGEMINI */;
			targetProxy = 41A843102DAEA0AE00DFA0B4 /* PBXContainerItemProxy */;
		};
		41A8431B2DAEA0AF00DFA0B4 /* PBXTargetDependency */ = {
			isa = PBXTargetDependency;
			target = 41A843012DAEA0AD00DFA0B4 /* DosisDatoAppGEMINI */;
			targetProxy = 41A8431A2DAEA0AF00DFA0B4 /* PBXContainerItemProxy */;
		};
/* End PBXTargetDependency section */

/* Begin XCBuildConfiguration section */
		41A843212DAEA0AF00DFA0B4 /* Debug */ = {
			isa = XCBuildConfiguration;
			buildSettings = {
				ALWAYS_SEARCH_USER_PATHS = NO;
				ASSETCATALOG_COMPILER_GENERATE_SWIFT_ASSET_SYMBOL_EXTENSIONS = YES;
				CLANG_ANALYZER_NONNULL = YES;
				CLANG_ANALYZER_NUMBER_OBJECT_CONVERSION = YES_AGGRESSIVE;
				CLANG_CXX_LANGUAGE_STANDARD = "gnu++20";
				CLANG_ENABLE_MODULES = YES;
				CLANG_ENABLE_OBJC_ARC = YES;
				CLANG_ENABLE_OBJC_WEAK = YES;
				CLANG_WARN_BLOCK_CAPTURE_AUTORELEASING = YES;
				CLANG_WARN_BOOL_CONVERSION = YES;
				CLANG_WARN_COMMA = YES;
				CLANG_WARN_CONSTANT_CONVERSION = YES;
				CLANG_WARN_DEPRECATED_OBJC_IMPLEMENTATIONS = YES;
				CLANG_WARN_DIRECT_OBJC_ISA_USAGE = YES_ERROR;
				CLANG_WARN_DOCUMENTATION_COMMENTS = YES;
				CLANG_WARN_EMPTY_BODY = YES;
				CLANG_WARN_ENUM_CONVERSION = YES;
				CLANG_WARN_INFINITE_RECURSION = YES;
				CLANG_WARN_INT_CONVERSION = YES;
				CLANG_WARN_NON_LITERAL_NULL_CONVERSION = YES;
				CLANG_WARN_OBJC_IMPLICIT_RETAIN_SELF = YES;
				CLANG_WARN_OBJC_LITERAL_CONVERSION = YES;
				CLANG_WARN_OBJC_ROOT_CLASS = YES_ERROR;
				CLANG_WARN_QUOTED_INCLUDE_IN_FRAMEWORK_HEADER = YES;
				CLANG_WARN_RANGE_LOOP_ANALYSIS = YES;
				CLANG_WARN_STRICT_PROTOTYPES = YES;
				CLANG_WARN_SUSPICIOUS_MOVE = YES;
				CLANG_WARN_UNGUARDED_AVAILABILITY = YES_AGGRESSIVE;
				CLANG_WARN_UNREACHABLE_CODE = YES;
				CLANG_WARN__DUPLICATE_METHOD_MATCH = YES;
				COPY_PHASE_STRIP = NO;
				DEBUG_INFORMATION_FORMAT = dwarf;
				DEVELOPMENT_TEAM = LB2RAFK9K9;
				ENABLE_STRICT_OBJC_MSGSEND = YES;
				ENABLE_TESTABILITY = YES;
				ENABLE_USER_SCRIPT_SANDBOXING = YES;
				GCC_C_LANGUAGE_STANDARD = gnu17;
				GCC_DYNAMIC_NO_PIC = NO;
				GCC_NO_COMMON_BLOCKS = YES;
				GCC_OPTIMIZATION_LEVEL = 0;
				GCC_PREPROCESSOR_DEFINITIONS = (
					"DEBUG=1",
					"$(inherited)",
				);
				GCC_WARN_64_TO_32_BIT_CONVERSION = YES;
				GCC_WARN_ABOUT_RETURN_TYPE = YES_ERROR;
				GCC_WARN_UNDECLARED_SELECTOR = YES;
				GCC_WARN_UNINITIALIZED_AUTOS = YES_AGGRESSIVE;
				GCC_WARN_UNUSED_FUNCTION = YES;
				GCC_WARN_UNUSED_VARIABLE = YES;
				IPHONEOS_DEPLOYMENT_TARGET = 18.4;
				LOCALIZATION_PREFERS_STRING_CATALOGS = YES;
				MTL_ENABLE_DEBUG_INFO = INCLUDE_SOURCE;
				MTL_FAST_MATH = YES;
				ONLY_ACTIVE_ARCH = YES;
				SDKROOT = iphoneos;
				SWIFT_ACTIVE_COMPILATION_CONDITIONS = "DEBUG $(inherited)";
				SWIFT_OPTIMIZATION_LEVEL = "-Onone";
			};
			name = Debug;
		};
		41A843222DAEA0AF00DFA0B4 /* Release */ = {
			isa = XCBuildConfiguration;
			buildSettings = {
				ALWAYS_SEARCH_USER_PATHS = NO;
				ASSETCATALOG_COMPILER_GENERATE_SWIFT_ASSET_SYMBOL_EXTENSIONS = YES;
				CLANG_ANALYZER_NONNULL = YES;
				CLANG_ANALYZER_NUMBER_OBJECT_CONVERSION = YES_AGGRESSIVE;
				CLANG_CXX_LANGUAGE_STANDARD = "gnu++20";
				CLANG_ENABLE_MODULES = YES;
				CLANG_ENABLE_OBJC_ARC = YES;
				CLANG_ENABLE_OBJC_WEAK = YES;
				CLANG_WARN_BLOCK_CAPTURE_AUTORELEASING = YES;
				CLANG_WARN_BOOL_CONVERSION = YES;
				CLANG_WARN_COMMA = YES;
				CLANG_WARN_CONSTANT_CONVERSION = YES;
				CLANG_WARN_DEPRECATED_OBJC_IMPLEMENTATIONS = YES;
				CLANG_WARN_DIRECT_OBJC_ISA_USAGE = YES_ERROR;
				CLANG_WARN_DOCUMENTATION_COMMENTS = YES;
				CLANG_WARN_EMPTY_BODY = YES;
				CLANG_WARN_ENUM_CONVERSION = YES;
				CLANG_WARN_INFINITE_RECURSION = YES;
				CLANG_WARN_INT_CONVERSION = YES;
				CLANG_WARN_NON_LITERAL_NULL_CONVERSION = YES;
				CLANG_WARN_OBJC_IMPLICIT_RETAIN_SELF = YES;
				CLANG_WARN_OBJC_LITERAL_CONVERSION = YES;
				CLANG_WARN_OBJC_ROOT_CLASS = YES_ERROR;
				CLANG_WARN_QUOTED_INCLUDE_IN_FRAMEWORK_HEADER = YES;
				CLANG_WARN_RANGE_LOOP_ANALYSIS = YES;
				CLANG_WARN_STRICT_PROTOTYPES = YES;
				CLANG_WARN_SUSPICIOUS_MOVE = YES;
				CLANG_WARN_UNGUARDED_AVAILABILITY = YES_AGGRESSIVE;
				CLANG_WARN_UNREACHABLE_CODE = YES;
				CLANG_WARN__DUPLICATE_METHOD_MATCH = YES;
				COPY_PHASE_STRIP = NO;
				DEBUG_INFORMATION_FORMAT = "dwarf-with-dsym";
				DEVELOPMENT_TEAM = LB2RAFK9K9;
				ENABLE_NS_ASSERTIONS = NO;
				ENABLE_STRICT_OBJC_MSGSEND = YES;
				ENABLE_USER_SCRIPT_SANDBOXING = YES;
				GCC_C_LANGUAGE_STANDARD = gnu17;
				GCC_NO_COMMON_BLOCKS = YES;
				GCC_WARN_64_TO_32_BIT_CONVERSION = YES;
				GCC_WARN_ABOUT_RETURN_TYPE = YES_ERROR;
				GCC_WARN_UNDECLARED_SELECTOR = YES;
				GCC_WARN_UNINITIALIZED_AUTOS = YES_AGGRESSIVE;
				GCC_WARN_UNUSED_FUNCTION = YES;
				GCC_WARN_UNUSED_VARIABLE = YES;
				IPHONEOS_DEPLOYMENT_TARGET = 18.4;
				LOCALIZATION_PREFERS_STRING_CATALOGS = YES;
				MTL_ENABLE_DEBUG_INFO = NO;
				MTL_FAST_MATH = YES;
				SDKROOT = iphoneos;
				SWIFT_COMPILATION_MODE = wholemodule;
				VALIDATE_PRODUCT = YES;
			};
			name = Release;
		};
		41A843242DAEA0AF00DFA0B4 /* Debug */ = {
			isa = XCBuildConfiguration;
			buildSettings = {
				ASSETCATALOG_COMPILER_APPICON_NAME = AppIcon;
				ASSETCATALOG_COMPILER_GLOBAL_ACCENT_COLOR_NAME = AccentColor;
				CODE_SIGN_STYLE = Automatic;
				CURRENT_PROJECT_VERSION = 1;
				DEVELOPMENT_TEAM = LB2RAFK9K9;
				ENABLE_PREVIEWS = YES;
				GENERATE_INFOPLIST_FILE = YES;
				INFOPLIST_KEY_UIApplicationSceneManifest_Generation = YES;
				INFOPLIST_KEY_UIApplicationSupportsIndirectInputEvents = YES;
				INFOPLIST_KEY_UILaunchScreen_Generation = YES;
				INFOPLIST_KEY_UISupportedInterfaceOrientations_iPad = "UIInterfaceOrientationPortrait UIInterfaceOrientationPortraitUpsideDown UIInterfaceOrientationLandscapeLeft UIInterfaceOrientationLandscapeRight";
				INFOPLIST_KEY_UISupportedInterfaceOrientations_iPhone = "UIInterfaceOrientationPortrait UIInterfaceOrientationLandscapeLeft UIInterfaceOrientationLandscapeRight";
				LD_RUNPATH_SEARCH_PATHS = (
					"$(inherited)",
					"@executable_path/Frameworks",
				);
				MARKETING_VERSION = 1.0;
				PRODUCT_BUNDLE_IDENTIFIER = Hejmadi.DosisDatoAppGEMINI;
				PRODUCT_NAME = "$(TARGET_NAME)";
				SWIFT_EMIT_LOC_STRINGS = YES;
				SWIFT_VERSION = 5.0;
				TARGETED_DEVICE_FAMILY = "1,2";
			};
			name = Debug;
		};
		41A843252DAEA0AF00DFA0B4 /* Release */ = {
			isa = XCBuildConfiguration;
			buildSettings = {
				ASSETCATALOG_COMPILER_APPICON_NAME = AppIcon;
				ASSETCATALOG_COMPILER_GLOBAL_ACCENT_COLOR_NAME = AccentColor;
				CODE_SIGN_STYLE = Automatic;
				CURRENT_PROJECT_VERSION = 1;
				DEVELOPMENT_TEAM = LB2RAFK9K9;
				ENABLE_PREVIEWS = YES;
				GENERATE_INFOPLIST_FILE = YES;
				INFOPLIST_KEY_UIApplicationSceneManifest_Generation = YES;
				INFOPLIST_KEY_UIApplicationSupportsIndirectInputEvents = YES;
				INFOPLIST_KEY_UILaunchScreen_Generation = YES;
				INFOPLIST_KEY_UISupportedInterfaceOrientations_iPad = "UIInterfaceOrientationPortrait UIInterfaceOrientationPortraitUpsideDown UIInterfaceOrientationLandscapeLeft UIInterfaceOrientationLandscapeRight";
				INFOPLIST_KEY_UISupportedInterfaceOrientations_iPhone = "UIInterfaceOrientationPortrait UIInterfaceOrientationLandscapeLeft UIInterfaceOrientationLandscapeRight";
				LD_RUNPATH_SEARCH_PATHS = (
					"$(inherited)",
					"@executable_path/Frameworks",
				);
				MARKETING_VERSION = 1.0;
				PRODUCT_BUNDLE_IDENTIFIER = Hejmadi.DosisDatoAppGEMINI;
				PRODUCT_NAME = "$(TARGET_NAME)";
				SWIFT_EMIT_LOC_STRINGS = YES;
				SWIFT_VERSION = 5.0;
				TARGETED_DEVICE_FAMILY = "1,2";
			};
			name = Release;
		};
		41A843272DAEA0AF00DFA0B4 /* Debug */ = {
			isa = XCBuildConfiguration;
			buildSettings = {
				BUNDLE_LOADER = "$(TEST_HOST)";
				CODE_SIGN_STYLE = Automatic;
				CURRENT_PROJECT_VERSION = 1;
				DEVELOPMENT_TEAM = LB2RAFK9K9;
				GENERATE_INFOPLIST_FILE = YES;
				IPHONEOS_DEPLOYMENT_TARGET = 18.4;
				MARKETING_VERSION = 1.0;
				PRODUCT_BUNDLE_IDENTIFIER = Hejmadi.DosisDatoAppGEMINITests;
				PRODUCT_NAME = "$(TARGET_NAME)";
				SWIFT_EMIT_LOC_STRINGS = NO;
				SWIFT_VERSION = 5.0;
				TARGETED_DEVICE_FAMILY = "1,2";
				TEST_HOST = "$(BUILT_PRODUCTS_DIR)/DosisDatoAppGEMINI.app/$(BUNDLE_EXECUTABLE_FOLDER_PATH)/DosisDatoAppGEMINI";
			};
			name = Debug;
		};
		41A843282DAEA0AF00DFA0B4 /* Release */ = {
			isa = XCBuildConfiguration;
			buildSettings = {
				BUNDLE_LOADER = "$(TEST_HOST)";
				CODE_SIGN_STYLE = Automatic;
				CURRENT_PROJECT_VERSION = 1;
				DEVELOPMENT_TEAM = LB2RAFK9K9;
				GENERATE_INFOPLIST_FILE = YES;
				IPHONEOS_DEPLOYMENT_TARGET = 18.4;
				MARKETING_VERSION = 1.0;
				PRODUCT_BUNDLE_IDENTIFIER = Hejmadi.DosisDatoAppGEMINITests;
				PRODUCT_NAME = "$(TARGET_NAME)";
				SWIFT_EMIT_LOC_STRINGS = NO;
				SWIFT_VERSION = 5.0;
				TARGETED_DEVICE_FAMILY = "1,2";
				TEST_HOST = "$(BUILT_PRODUCTS_DIR)/DosisDatoAppGEMINI.app/$(BUNDLE_EXECUTABLE_FOLDER_PATH)/DosisDatoAppGEMINI";
			};
			name = Release;
		};
		41A8432A2DAEA0AF00DFA0B4 /* Debug */ = {
			isa = XCBuildConfiguration;
			buildSettings = {
				CODE_SIGN_STYLE = Automatic;
				CURRENT_PROJECT_VERSION = 1;
				DEVELOPMENT_TEAM = LB2RAFK9K9;
				GENERATE_INFOPLIST_FILE = YES;
				MARKETING_VERSION = 1.0;
				PRODUCT_BUNDLE_IDENTIFIER = Hejmadi.DosisDatoAppGEMINIUITests;
				PRODUCT_NAME = "$(TARGET_NAME)";
				SWIFT_EMIT_LOC_STRINGS = NO;
				SWIFT_VERSION = 5.0;
				TARGETED_DEVICE_FAMILY = "1,2";
				TEST_TARGET_NAME = DosisDatoAppGEMINI;
			};
			name = Debug;
		};
		41A8432B2DAEA0AF00DFA0B4 /* Release */ = {
			isa = XCBuildConfiguration;
			buildSettings = {
				CODE_SIGN_STYLE = Automatic;
				CURRENT_PROJECT_VERSION = 1;
				DEVELOPMENT_TEAM = LB2RAFK9K9;
				GENERATE_INFOPLIST_FILE = YES;
				MARKETING_VERSION = 1.0;
				PRODUCT_BUNDLE_IDENTIFIER = Hejmadi.DosisDatoAppGEMINIUITests;
				PRODUCT_NAME = "$(TARGET_NAME)";
				SWIFT_EMIT_LOC_STRINGS = NO;
				SWIFT_VERSION = 5.0;
				TARGETED_DEVICE_FAMILY = "1,2";
				TEST_TARGET_NAME = DosisDatoAppGEMINI;
			};
			name = Release;
		};
/* End XCBuildConfiguration section */

/* Begin XCConfigurationList section */
		41A842FD2DAEA0AD00DFA0B4 /* Build configuration list for PBXProject "DosisDatoAppGEMINI" */ = {
			isa = XCConfigurationList;
			buildConfigurations = (
				41A843212DAEA0AF00DFA0B4 /* Debug */,
				41A843222DAEA0AF00DFA0B4 /* Release */,
			);
			defaultConfigurationIsVisible = 0;
			defaultConfigurationName = Release;
		};
		41A843232DAEA0AF00DFA0B4 /* Build configuration list for PBXNativeTarget "DosisDatoAppGEMINI" */ = {
			isa = XCConfigurationList;
			buildConfigurations = (
				41A843242DAEA0AF00DFA0B4 /* Debug */,
				41A843252DAEA0AF00DFA0B4 /* Release */,
			);
			defaultConfigurationIsVisible = 0;
			defaultConfigurationName = Release;
		};
		41A843262DAEA0AF00DFA0B4 /* Build configuration list for PBXNativeTarget "DosisDatoAppGEMINITests" */ = {
			isa = XCConfigurationList;
			buildConfigurations = (
				41A843272DAEA0AF00DFA0B4 /* Debug */,
				41A843282DAEA0AF00DFA0B4 /* Release */,
			);
			defaultConfigurationIsVisible = 0;
			defaultConfigurationName = Release;
		};
		41A843292DAEA0AF00DFA0B4 /* Build configuration list for PBXNativeTarget "DosisDatoAppGEMINIUITests" */ = {
			isa = XCConfigurationList;
			buildConfigurations = (
				41A8432A2DAEA0AF00DFA0B4 /* Debug */,
				41A8432B2DAEA0AF00DFA0B4 /* Release */,
			);
			defaultConfigurationIsVisible = 0;
			defaultConfigurationName = Release;
		};
/* End XCConfigurationList section */
	};
	rootObject = 41A842FA2DAEA0AD00DFA0B4 /* Project object */;
}
